Microsoft Visual Studio Solution File, Format Version 12.00
# Visual Studio Version 16
VisualStudioVersion = 16.0.36631.11
MinimumVisualStudioVersion = 10.0.40219.1
Project("{9A19103F-16F7-4668-BE54-9A1E7A4F7556}") = "HS2VR_POVcycle", "HS2VR_POVcycle.csproj", "{AAAABBBB-CCCC-DDDD-EEEE-FFFFFFFFFFFF}"
EndProject
Global
	GlobalSection(SolutionConfigurationPlatforms) = preSolution
		Debug|Any CPU = Debug|Any CPU
		Release|Any CPU = Release|Any CPU
	EndGlobalSection
	GlobalSection(ProjectConfigurationPlatforms) = postSolution
		{AAAABBBB-CCCC-DDDD-EEEE-FFFFFFFFFFFF}.Debug|Any CPU.ActiveCfg = Debug|Any CPU
		{AAAABBBB-CCCC-DDDD-EEEE-FFFFFFFFFFFF}.Debug|Any CPU.Build.0 = Debug|Any CPU
		{AAAABBBB-CCCC-DDDD-EEEE-FFFFFFFFFFFF}.Release|Any CPU.ActiveCfg = Release|Any CPU
		{AAAABBBB-CCCC-DDDD-EEEE-FFFFFFFFFFFF}.Release|Any CPU.Build.0 = Release|Any CPU
	EndGlobalSection
	GlobalSection(SolutionProperties) = preSolution
		HideSolutionNode = FALSE
	EndGlobalSection
	GlobalSection(ExtensibilityGlobals) = postSolution
		SolutionGuid = {15C6B4AB-4D84-4B16-83B3-9ECD837BC209}
	EndGlobalSection
EndGlobal
